
Microsoft Visual Studio Solution File, Format Version 12.00
# Visual Studio Version 17
VisualStudioVersion = 17.9.34622.214
MinimumVisualStudioVersion = 10.0.40219.1
Project("{FAE04EC0-301F-11D3-BF4B-00C04F79EFBC}") = "DoctorsAptApp", "DoctorsAptApp\DoctorsAptApp.csproj", "{B4454865-FECF-4EC9-B2FD-89FE83F85B85}"
EndProject
Global
	GlobalSection(SolutionConfigurationPlatforms) = preSolution
		Debug|Any CPU = Debug|Any CPU
		Release|Any CPU = Release|Any CPU
	EndGlobalSection
	GlobalSection(ProjectConfigurationPlatforms) = postSolution
		{B4454865-FECF-4EC9-B2FD-89FE83F85B85}.Debug|Any CPU.ActiveCfg = Debug|Any CPU
		{B4454865-FECF-4EC9-B2FD-89FE83F85B85}.Debug|Any CPU.Build.0 = Debug|Any CPU
		{B4454865-FECF-4EC9-B2FD-89FE83F85B85}.Release|Any CPU.ActiveCfg = Release|Any CPU
		{B4454865-FECF-4EC9-B2FD-89FE83F85B85}.Release|Any CPU.Build.0 = Release|Any CPU
	EndGlobalSection
	GlobalSection(SolutionProperties) = preSolution
		HideSolutionNode = FALSE
	EndGlobalSection
	GlobalSection(ExtensibilityGlobals) = postSolution
		SolutionGuid = {CBE0EE3B-AD50-4B87-88BB-48FCC4234E8D}
	EndGlobalSection
EndGlobal
